
Microsoft Visual Studio Solution File, Format Version 12.00
# Visual Studio Version 16
VisualStudioVersion = 16.0.29806.167
MinimumVisualStudioVersion = 10.0.40219.1
Project("{8BC9CEB8-8B4A-11D0-8D11-00A0C91BC942}") = "Lab_Rob_4_Var_2_Panasenko", "Lab_Rob_4_Var_2_Panasenko\Lab_Rob_4_Var_2_Panasenko.vcxproj", "{93D93CF1-1CA0-432D-8391-86A99041D490}"
EndProject
Global
	GlobalSection(SolutionConfigurationPlatforms) = preSolution
		Debug|x64 = Debug|x64
		Debug|x86 = Debug|x86
		Release|x64 = Release|x64
		Release|x86 = Release|x86
	EndGlobalSection
	GlobalSection(ProjectConfigurationPlatforms) = postSolution
		{93D93CF1-1CA0-432D-8391-86A99041D490}.Debug|x64.ActiveCfg = Debug|x64
		{93D93CF1-1CA0-432D-8391-86A99041D490}.Debug|x64.Build.0 = Debug|x64
		{93D93CF1-1CA0-432D-8391-86A99041D490}.Debug|x86.ActiveCfg = Debug|Win32
		{93D93CF1-1CA0-432D-8391-86A99041D490}.Debug|x86.Build.0 = Debug|Win32
		{93D93CF1-1CA0-432D-8391-86A99041D490}.Release|x64.ActiveCfg = Release|x64
		{93D93CF1-1CA0-432D-8391-86A99041D490}.Release|x64.Build.0 = Release|x64
		{93D93CF1-1CA0-432D-8391-86A99041D490}.Release|x86.ActiveCfg = Release|Win32
		{93D93CF1-1CA0-432D-8391-86A99041D490}.Release|x86.Build.0 = Release|Win32
	EndGlobalSection
	GlobalSection(SolutionProperties) = preSolution
		HideSolutionNode = FALSE
	EndGlobalSection
	GlobalSection(ExtensibilityGlobals) = postSolution
		SolutionGuid = {DFA206F8-E7A2-4C8C-9195-7AE6089EE3F2}
	EndGlobalSection
EndGlobal
